
Microsoft Visual Studio Solution File, Format Version 12.00
# Visual Studio Version 17
VisualStudioVersion = 17.10.34928.147
MinimumVisualStudioVersion = 10.0.40219.1
Project("{54A90642-561A-4BB1-A94E-469ADEE60C69}") = "Pointman.Atipera", "Pointman.Atipera\Pointman.Atipera.esproj", "{9EEE88E9-AF95-4CF5-926A-336AB804E65F}"
EndProject
Global
	GlobalSection(SolutionConfigurationPlatforms) = preSolution
		Debug|Any CPU = Debug|Any CPU
		Release|Any CPU = Release|Any CPU
	EndGlobalSection
	GlobalSection(ProjectConfigurationPlatforms) = postSolution
		{9EEE88E9-AF95-4CF5-926A-336AB804E65F}.Debug|Any CPU.ActiveCfg = Debug|Any CPU
		{9EEE88E9-AF95-4CF5-926A-336AB804E65F}.Debug|Any CPU.Build.0 = Debug|Any CPU
		{9EEE88E9-AF95-4CF5-926A-336AB804E65F}.Debug|Any CPU.Deploy.0 = Debug|Any CPU
		{9EEE88E9-AF95-4CF5-926A-336AB804E65F}.Release|Any CPU.ActiveCfg = Release|Any CPU
		{9EEE88E9-AF95-4CF5-926A-336AB804E65F}.Release|Any CPU.Build.0 = Release|Any CPU
		{9EEE88E9-AF95-4CF5-926A-336AB804E65F}.Release|Any CPU.Deploy.0 = Release|Any CPU
	EndGlobalSection
	GlobalSection(SolutionProperties) = preSolution
		HideSolutionNode = FALSE
	EndGlobalSection
	GlobalSection(ExtensibilityGlobals) = postSolution
		SolutionGuid = {EE43937C-8301-4E39-BCD4-49B78ACAA161}
	EndGlobalSection
EndGlobal
